
Microsoft Visual Studio Solution File, Format Version 12.00
# Visual Studio 15
VisualStudioVersion = 15.0.28307.489
MinimumVisualStudioVersion = 10.0.40219.1
Project("{FAE04EC0-301F-11D3-BF4B-00C04F79EFBC}") = "facter", "facter\facter.csproj", "{12387443-7D16-4BFF-AE8C-98DC4CA052A2}"
EndProject
Global
	GlobalSection(SolutionConfigurationPlatforms) = preSolution
		Debug|Any CPU = Debug|Any CPU
		Debug|x64 = Debug|x64
		Release|Any CPU = Release|Any CPU
		Release|x64 = Release|x64
	EndGlobalSection
	GlobalSection(ProjectConfigurationPlatforms) = postSolution
		{12387443-7D16-4BFF-AE8C-98DC4CA052A2}.Debug|Any CPU.ActiveCfg = Debug|Any CPU
		{12387443-7D16-4BFF-AE8C-98DC4CA052A2}.Debug|Any CPU.Build.0 = Debug|Any CPU
		{12387443-7D16-4BFF-AE8C-98DC4CA052A2}.Debug|x64.ActiveCfg = Debug|x64
		{12387443-7D16-4BFF-AE8C-98DC4CA052A2}.Debug|x64.Build.0 = Debug|x64
		{12387443-7D16-4BFF-AE8C-98DC4CA052A2}.Release|Any CPU.ActiveCfg = Release|Any CPU
		{12387443-7D16-4BFF-AE8C-98DC4CA052A2}.Release|Any CPU.Build.0 = Release|Any CPU
		{12387443-7D16-4BFF-AE8C-98DC4CA052A2}.Release|x64.ActiveCfg = Release|x64
		{12387443-7D16-4BFF-AE8C-98DC4CA052A2}.Release|x64.Build.0 = Release|x64
	EndGlobalSection
	GlobalSection(SolutionProperties) = preSolution
		HideSolutionNode = FALSE
	EndGlobalSection
	GlobalSection(ExtensibilityGlobals) = postSolution
		SolutionGuid = {D5D091C0-B0BD-4124-8969-84727787A323}
	EndGlobalSection
EndGlobal
